// !$*UTF8*$!
{
	archiveVersion = 1;
	classes = {
	};
	objectVersion = 48;
	objects = {

/* Begin PBXBuildFile section */
		A58FDF131FDAE3A400F09C06 /* AppDelegate.swift in Sources */ = {isa = PBXBuildFile; fileRef = A58FDF121FDAE3A400F09C06 /* AppDelegate.swift */; };
		A58FDF151FDAE3A400F09C06 /* ViewController.swift in Sources */ = {isa = PBXBuildFile; fileRef = A58FDF141FDAE3A400F09C06 /* ViewController.swift */; };
		A58FDF181FDAE3A400F09C06 /* Main.storyboard in Resources */ = {isa = PBXBuildFile; fileRef = A58FDF161FDAE3A400F09C06 /* Main.storyboard */; };
		A58FDF1A1FDAE3A400F09C06 /* Assets.xcassets in Resources */ = {isa = PBXBuildFile; fileRef = A58FDF191FDAE3A400F09C06 /* Assets.xcassets */; };
		A58FDF1D1FDAE3A400F09C06 /* LaunchScreen.storyboard in Resources */ = {isa = PBXBuildFile; fileRef = A58FDF1B1FDAE3A400F09C06 /* LaunchScreen.storyboard */; };
		A58FDF251FDAE50900F09C06 /* Cell.swift in Sources */ = {isa = PBXBuildFile; fileRef = A58FDF241FDAE50900F09C06 /* Cell.swift */; };
		A58FDF271FDAE51400F09C06 /* Board.swift in Sources */ = {isa = PBXBuildFile; fileRef = A58FDF261FDAE51400F09C06 /* Board.swift */; };
		A58FDF291FDAE53100F09C06 /* BigBoard.swift in Sources */ = {isa = PBXBuildFile; fileRef = A58FDF281FDAE53100F09C06 /* BigBoard.swift */; };
/* End PBXBuildFile section */

/* Begin PBXFileReference section */
		A58FDF0F1FDAE3A400F09C06 /* Ultimate-Tic-Tac-Toe-2.app */ = {isa = PBXFileReference; explicitFileType = wrapper.application; includeInIndex = 0; path = "Ultimate-Tic-Tac-Toe-2.app"; sourceTree = BUILT_PRODUCTS_DIR; };
		A58FDF121FDAE3A400F09C06 /* AppDelegate.swift */ = {isa = PBXFileReference; lastKnownFileType = sourcecode.swift; path = AppDelegate.swift; sourceTree = "<group>"; };
		A58FDF141FDAE3A400F09C06 /* ViewController.swift */ = {isa = PBXFileReference; lastKnownFileType = sourcecode.swift; path = ViewController.swift; sourceTree = "<group>"; };
		A58FDF171FDAE3A400F09C06 /* Base */ = {isa = PBXFileReference; lastKnownFileType = file.storyboard; name = Base; path = Base.lproj/Main.storyboard; sourceTree = "<group>"; };
		A58FDF191FDAE3A400F09C06 /* Assets.xcassets */ = {isa = PBXFileReference; lastKnownFileType = folder.assetcatalog; path = Assets.xcassets; sourceTree = "<group>"; };
		A58FDF1C1FDAE3A400F09C06 /* Base */ = {isa = PBXFileReference; lastKnownFileType = file.storyboard; name = Base; path = Base.lproj/LaunchScreen.storyboard; sourceTree = "<group>"; };
		A58FDF1E1FDAE3A400F09C06 /* Info.plist */ = {isa = PBXFileReference; lastKnownFileType = text.plist.xml; path = Info.plist; sourceTree = "<group>"; };
		A58FDF241FDAE50900F09C06 /* Cell.swift */ = {isa = PBXFileReference; lastKnownFileType = sourcecode.swift; path = Cell.swift; sourceTree = "<group>"; };
		A58FDF261FDAE51400F09C06 /* Board.swift */ = {isa = PBXFileReference; lastKnownFileType = sourcecode.swift; path = Board.swift; sourceTree = "<group>"; };
		A58FDF281FDAE53100F09C06 /* BigBoard.swift */ = {isa = PBXFileReference; lastKnownFileType = sourcecode.swift; path = BigBoard.swift; sourceTree = "<group>"; };
/* End PBXFileReference section */

/* Begin PBXFrameworksBuildPhase section */
		A58FDF0C1FDAE3A400F09C06 /* Frameworks */ = {
			isa = PBXFrameworksBuildPhase;
			buildActionMask = 2147483647;
			files = (
			);
			runOnlyForDeploymentPostprocessing = 0;
		};
/* End PBXFrameworksBuildPhase section */

/* Begin PBXGroup section */
		A58FDF061FDAE3A400F09C06 = {
			isa = PBXGroup;
			children = (
				A58FDF111FDAE3A400F09C06 /* Ultimate-Tic-Tac-Toe-2 */,
				A58FDF101FDAE3A400F09C06 /* Products */,
			);
			sourceTree = "<group>";
		};
		A58FDF101FDAE3A400F09C06 /* Products */ = {
			isa = PBXGroup;
			children = (
				A58FDF0F1FDAE3A400F09C06 /* Ultimate-Tic-Tac-Toe-2.app */,
			);
			name = Products;
			sourceTree = "<group>";
		};
		A58FDF111FDAE3A400F09C06 /* Ultimate-Tic-Tac-Toe-2 */ = {
			isa = PBXGroup;
			children = (
				A58FDF121FDAE3A400F09C06 /* AppDelegate.swift */,
				A58FDF141FDAE3A400F09C06 /* ViewController.swift */,
				A58FDF161FDAE3A400F09C06 /* Main.storyboard */,
				A58FDF191FDAE3A400F09C06 /* Assets.xcassets */,
				A58FDF1B1FDAE3A400F09C06 /* LaunchScreen.storyboard */,
				A58FDF1E1FDAE3A400F09C06 /* Info.plist */,
				A58FDF241FDAE50900F09C06 /* Cell.swift */,
				A58FDF261FDAE51400F09C06 /* Board.swift */,
				A58FDF281FDAE53100F09C06 /* BigBoard.swift */,
			);
			path = "Ultimate-Tic-Tac-Toe-2";
			sourceTree = "<group>";
		};
/* End PBXGroup section */

/* Begin PBXNativeTarget section */
		A58FDF0E1FDAE3A400F09C06 /* Ultimate-Tic-Tac-Toe-2 */ = {
			isa = PBXNativeTarget;
			buildConfigurationList = A58FDF211FDAE3A400F09C06 /* Build configuration list for PBXNativeTarget "Ultimate-Tic-Tac-Toe-2" */;
			buildPhases = (
				A58FDF0B1FDAE3A400F09C06 /* Sources */,
				A58FDF0C1FDAE3A400F09C06 /* Frameworks */,
				A58FDF0D1FDAE3A400F09C06 /* Resources */,
			);
			buildRules = (
			);
			dependencies = (
			);
			name = "Ultimate-Tic-Tac-Toe-2";
			productName = "Ultimate-Tic-Tac-Toe-2";
			productReference = A58FDF0F1FDAE3A400F09C06 /* Ultimate-Tic-Tac-Toe-2.app */;
			productType = "com.apple.product-type.application";
		};
/* End PBXNativeTarget section */

/* Begin PBXProject section */
		A58FDF071FDAE3A400F09C06 /* Project object */ = {
			isa = PBXProject;
			attributes = {
				LastSwiftUpdateCheck = 0900;
				LastUpgradeCheck = 0900;
				ORGANIZATIONNAME = "Hi-Crew";
				TargetAttributes = {
					A58FDF0E1FDAE3A400F09C06 = {
						CreatedOnToolsVersion = 9.0;
						ProvisioningStyle = Automatic;
					};
				};
			};
			buildConfigurationList = A58FDF0A1FDAE3A400F09C06 /* Build configuration list for PBXProject "Ultimate-Tic-Tac-Toe-2" */;
			compatibilityVersion = "Xcode 8.0";
			developmentRegion = en;
			hasScannedForEncodings = 0;
			knownRegions = (
				en,
				Base,
			);
			mainGroup = A58FDF061FDAE3A400F09C06;
			productRefGroup = A58FDF101FDAE3A400F09C06 /* Products */;
			projectDirPath = "";
			projectRoot = "";
			targets = (
				A58FDF0E1FDAE3A400F09C06 /* Ultimate-Tic-Tac-Toe-2 */,
			);
		};
/* End PBXProject section */

/* Begin PBXResourcesBuildPhase section */
		A58FDF0D1FDAE3A400F09C06 /* Resources */ = {
			isa = PBXResourcesBuildPhase;
			buildActionMask = 2147483647;
			files = (
				A58FDF1D1FDAE3A400F09C06 /* LaunchScreen.storyboard in Resources */,
				A58FDF1A1FDAE3A400F09C06 /* Assets.xcassets in Resources */,
				A58FDF181FDAE3A400F09C06 /* Main.storyboard in Resources */,
			);
			runOnlyForDeploymentPostprocessing = 0;
		};
/* End PBXResourcesBuildPhase section */

/* Begin PBXSourcesBuildPhase section */
		A58FDF0B1FDAE3A400F09C06 /* Sources */ = {
			isa = PBXSourcesBuildPhase;
			buildActionMask = 2147483647;
			files = (
				A58FDF151FDAE3A400F09C06 /* ViewController.swift in Sources */,
				A58FDF131FDAE3A400F09C06 /* AppDelegate.swift in Sources */,
				A58FDF291FDAE53100F09C06 /* BigBoard.swift in Sources */,
				A58FDF271FDAE51400F09C06 /* Board.swift in Sources */,
				A58FDF251FDAE50900F09C06 /* Cell.swift in Sources */,
			);
			runOnlyForDeploymentPostprocessing = 0;
		};
/* End PBXSourcesBuildPhase section */

/* Begin PBXVariantGroup section */
		A58FDF161FDAE3A400F09C06 /* Main.storyboard */ = {
			isa = PBXVariantGroup;
			children = (
				A58FDF171FDAE3A400F09C06 /* Base */,
			);
			name = Main.storyboard;
			sourceTree = "<group>";
		};
		A58FDF1B1FDAE3A400F09C06 /* LaunchScreen.storyboard */ = {
			isa = PBXVariantGroup;
			children = (
				A58FDF1C1FDAE3A400F09C06 /* Base */,
			);
			name = LaunchScreen.storyboard;
			sourceTree = "<group>";
		};
/* End PBXVariantGroup section */

/* Begin XCBuildConfiguration section */
		A58FDF1F1FDAE3A400F09C06 /* Debug */ = {
			isa = XCBuildConfiguration;
			buildSettings = {
				ALWAYS_SEARCH_USER_PATHS = NO;
				CLANG_ANALYZER_NONNULL = YES;
				CLANG_ANALYZER_NUMBER_OBJECT_CONVERSION = YES_AGGRESSIVE;
				CLANG_CXX_LANGUAGE_STANDARD = "gnu++14";
				CLANG_CXX_LIBRARY = "libc++";
				CLANG_ENABLE_MODULES = YES;
				CLANG_ENABLE_OBJC_ARC = YES;
				CLANG_WARN_BLOCK_CAPTURE_AUTORELEASING = YES;
				CLANG_WARN_BOOL_CONVERSION = YES;
				CLANG_WARN_COMMA = YES;
				CLANG_WARN_CONSTANT_CONVERSION = YES;
				CLANG_WARN_DIRECT_OBJC_ISA_USAGE = YES_ERROR;
				CLANG_WARN_DOCUMENTATION_COMMENTS = YES;
				CLANG_WARN_EMPTY_BODY = YES;
				CLANG_WARN_ENUM_CONVERSION = YES;
				CLANG_WARN_INFINITE_RECURSION = YES;
				CLANG_WARN_INT_CONVERSION = YES;
				CLANG_WARN_NON_LITERAL_NULL_CONVERSION = YES;
				CLANG_WARN_OBJC_LITERAL_CONVERSION = YES;
				CLANG_WARN_OBJC_ROOT_CLASS = YES_ERROR;
				CLANG_WARN_RANGE_LOOP_ANALYSIS = YES;
				CLANG_WARN_STRICT_PROTOTYPES = YES;
				CLANG_WARN_SUSPICIOUS_MOVE = YES;
				CLANG_WARN_UNGUARDED_AVAILABILITY = YES_AGGRESSIVE;
				CLANG_WARN_UNREACHABLE_CODE = YES;
				CLANG_WARN__DUPLICATE_METHOD_MATCH = YES;
				CODE_SIGN_IDENTITY = "iPhone Developer";
				COPY_PHASE_STRIP = NO;
				DEBUG_INFORMATION_FORMAT = dwarf;
				ENABLE_STRICT_OBJC_MSGSEND = YES;
				ENABLE_TESTABILITY = YES;
				GCC_C_LANGUAGE_STANDARD = gnu11;
				GCC_DYNAMIC_NO_PIC = NO;
				GCC_NO_COMMON_BLOCKS = YES;
				GCC_OPTIMIZATION_LEVEL = 0;
				GCC_PREPROCESSOR_DEFINITIONS = (
					"DEBUG=1",
					"$(inherited)",
				);
				GCC_WARN_64_TO_32_BIT_CONVERSION = YES;
				GCC_WARN_ABOUT_RETURN_TYPE = YES_ERROR;
				GCC_WARN_UNDECLARED_SELECTOR = YES;
				GCC_WARN_UNINITIALIZED_AUTOS = YES_AGGRESSIVE;
				GCC_WARN_UNUSED_FUNCTION = YES;
				GCC_WARN_UNUSED_VARIABLE = YES;
				IPHONEOS_DEPLOYMENT_TARGET = 11.0;
				MTL_ENABLE_DEBUG_INFO = YES;
				ONLY_ACTIVE_ARCH = YES;
				SDKROOT = iphoneos;
				SWIFT_ACTIVE_COMPILATION_CONDITIONS = DEBUG;
				SWIFT_OPTIMIZATION_LEVEL = "-Onone";
			};
			name = Debug;
		};
		A58FDF201FDAE3A400F09C06 /* Release */ = {
			isa = XCBuildConfiguration;
			buildSettings = {
				ALWAYS_SEARCH_USER_PATHS = NO;
				CLANG_ANALYZER_NONNULL = YES;
				CLANG_ANALYZER_NUMBER_OBJECT_CONVERSION = YES_AGGRESSIVE;
				CLANG_CXX_LANGUAGE_STANDARD = "gnu++14";
				CLANG_CXX_LIBRARY = "libc++";
				CLANG_ENABLE_MODULES = YES;
				CLANG_ENABLE_OBJC_ARC = YES;
				CLANG_WARN_BLOCK_CAPTURE_AUTORELEASING = YES;
				CLANG_WARN_BOOL_CONVERSION = YES;
				CLANG_WARN_COMMA = YES;
				CLANG_WARN_CONSTANT_CONVERSION = YES;
				CLANG_WARN_DIRECT_OBJC_ISA_USAGE = YES_ERROR;
				CLANG_WARN_DOCUMENTATION_COMMENTS = YES;
				CLANG_WARN_EMPTY_BODY = YES;
				CLANG_WARN_ENUM_CONVERSION = YES;
				CLANG_WARN_INFINITE_RECURSION = YES;
				CLANG_WARN_INT_CONVERSION = YES;
				CLANG_WARN_NON_LITERAL_NULL_CONVERSION = YES;
				CLANG_WARN_OBJC_LITERAL_CONVERSION = YES;
				CLANG_WARN_OBJC_ROOT_CLASS = YES_ERROR;
				CLANG_WARN_RANGE_LOOP_ANALYSIS = YES;
				CLANG_WARN_STRICT_PROTOTYPES = YES;
				CLANG_WARN_SUSPICIOUS_MOVE = YES;
				CLANG_WARN_UNGUARDED_AVAILABILITY = YES_AGGRESSIVE;
				CLANG_WARN_UNREACHABLE_CODE = YES;
				CLANG_WARN__DUPLICATE_METHOD_MATCH = YES;
				CODE_SIGN_IDENTITY = "iPhone Developer";
				COPY_PHASE_STRIP = NO;
				DEBUG_INFORMATION_FORMAT = "dwarf-with-dsym";
				ENABLE_NS_ASSERTIONS = NO;
				ENABLE_STRICT_OBJC_MSGSEND = YES;
				GCC_C_LANGUAGE_STANDARD = gnu11;
				GCC_NO_COMMON_BLOCKS = YES;
				GCC_WARN_64_TO_32_BIT_CONVERSION = YES;
				GCC_WARN_ABOUT_RETURN_TYPE = YES_ERROR;
				GCC_WARN_UNDECLARED_SELECTOR = YES;
				GCC_WARN_UNINITIALIZED_AUTOS = YES_AGGRESSIVE;
				GCC_WARN_UNUSED_FUNCTION = YES;
				GCC_WARN_UNUSED_VARIABLE = YES;
				IPHONEOS_DEPLOYMENT_TARGET = 11.0;
				MTL_ENABLE_DEBUG_INFO = NO;
				SDKROOT = iphoneos;
				SWIFT_OPTIMIZATION_LEVEL = "-Owholemodule";
				VALIDATE_PRODUCT = YES;
			};
			name = Release;
		};
		A58FDF221FDAE3A400F09C06 /* Debug */ = {
			isa = XCBuildConfiguration;
			buildSettings = {
				ASSETCATALOG_COMPILER_APPICON_NAME = AppIcon;
				CODE_SIGN_STYLE = Automatic;
				DEVELOPMENT_TEAM = 387UX26DKE;
				INFOPLIST_FILE = "Ultimate-Tic-Tac-Toe-2/Info.plist";
				LD_RUNPATH_SEARCH_PATHS = "$(inherited) @executable_path/Frameworks";
				PRODUCT_BUNDLE_IDENTIFIER = "hc.Ultimate-Tic-Tac-Toe-2";
				PRODUCT_NAME = "$(TARGET_NAME)";
				SWIFT_VERSION = 4.0;
				TARGETED_DEVICE_FAMILY = "1,2";
			};
			name = Debug;
		};
		A58FDF231FDAE3A400F09C06 /* Release */ = {
			isa = XCBuildConfiguration;
			buildSettings = {
				ASSETCATALOG_COMPILER_APPICON_NAME = AppIcon;
				CODE_SIGN_STYLE = Automatic;
				DEVELOPMENT_TEAM = 387UX26DKE;
				INFOPLIST_FILE = "Ultimate-Tic-Tac-Toe-2/Info.plist";
				LD_RUNPATH_SEARCH_PATHS = "$(inherited) @executable_path/Frameworks";
				PRODUCT_BUNDLE_IDENTIFIER = "hc.Ultimate-Tic-Tac-Toe-2";
				PRODUCT_NAME = "$(TARGET_NAME)";
				SWIFT_VERSION = 4.0;
				TARGETED_DEVICE_FAMILY = "1,2";
			};
			name = Release;
		};
/* End XCBuildConfiguration section */

/* Begin XCConfigurationList section */
		A58FDF0A1FDAE3A400F09C06 /* Build configuration list for PBXProject "Ultimate-Tic-Tac-Toe-2" */ = {
			isa = XCConfigurationList;
			buildConfigurations = (
				A58FDF1F1FDAE3A400F09C06 /* Debug */,
				A58FDF201FDAE3A400F09C06 /* Release */,
			);
			defaultConfigurationIsVisible = 0;
			defaultConfigurationName = Release;
		};
		A58FDF211FDAE3A400F09C06 /* Build configuration list for PBXNativeTarget "Ultimate-Tic-Tac-Toe-2" */ = {
			isa = XCConfigurationList;
			buildConfigurations = (
				A58FDF221FDAE3A400F09C06 /* Debug */,
				A58FDF231FDAE3A400F09C06 /* Release */,
			);
			defaultConfigurationIsVisible = 0;
			defaultConfigurationName = Release;
		};
/* End XCConfigurationList section */
	};
	rootObject = A58FDF071FDAE3A400F09C06 /* Project object */;
}
